// !$*UTF8*$!
{
	archiveVersion = 1;
	classes = {
	};
	objectVersion = 56;
	objects = {

/* Begin PBXBuildFile section */
		8C0B4EF72B719C1B00088323 /* driverdetail.json in Resources */ = {isa = PBXBuildFile; fileRef = 8C0B4EF62B719C1B00088323 /* driverdetail.json */; };
		8C17AD042B704EFD00C3EE36 /* DriverDetailsView.swift in Sources */ = {isa = PBXBuildFile; fileRef = 8C17AD032B704EFD00C3EE36 /* DriverDetailsView.swift */; };
		8C2F282E2B6B1E5E00D51AB9 /* PilotDrivers.swift in Sources */ = {isa = PBXBuildFile; fileRef = 8C2F282D2B6B1E5E00D51AB9 /* PilotDrivers.swift */; };
		8C2F28302B6B4C5D00D51AB9 /* HTTPViewController.swift in Sources */ = {isa = PBXBuildFile; fileRef = 8C2F282F2B6B4C5D00D51AB9 /* HTTPViewController.swift */; };
		8C61502D2B6A0DC900245BDB /* F_de_FormulaApp.swift in Sources */ = {isa = PBXBuildFile; fileRef = 8C61502C2B6A0DC900245BDB /* F_de_FormulaApp.swift */; };
		8C61502F2B6A0DC900245BDB /* ContentView.swift in Sources */ = {isa = PBXBuildFile; fileRef = 8C61502E2B6A0DC900245BDB /* ContentView.swift */; };
		8C6150312B6A0DD700245BDB /* Assets.xcassets in Resources */ = {isa = PBXBuildFile; fileRef = 8C6150302B6A0DD700245BDB /* Assets.xcassets */; };
		8C6150342B6A0DD700245BDB /* Preview Assets.xcassets in Resources */ = {isa = PBXBuildFile; fileRef = 8C6150332B6A0DD700245BDB /* Preview Assets.xcassets */; };
		8C61503E2B6A336100245BDB /* WelcomeView.swift in Sources */ = {isa = PBXBuildFile; fileRef = 8C61503D2B6A336100245BDB /* WelcomeView.swift */; };
		8C6481A82B6CA8F6007AC6D0 /* ScheduleListView.swift in Sources */ = {isa = PBXBuildFile; fileRef = 8C6481A72B6CA8F6007AC6D0 /* ScheduleListView.swift */; };
		8C6481AA2B6CA9EC007AC6D0 /* CurrentSchedulesModel.swift in Sources */ = {isa = PBXBuildFile; fileRef = 8C6481A92B6CA9EC007AC6D0 /* CurrentSchedulesModel.swift */; };
		8C6481AC2B6CB97B007AC6D0 /* ScheduleRowView.swift in Sources */ = {isa = PBXBuildFile; fileRef = 8C6481AB2B6CB97B007AC6D0 /* ScheduleRowView.swift */; };
		8C7374402B6C3F4900DEFE53 /* TeamStandingRowView.swift in Sources */ = {isa = PBXBuildFile; fileRef = 8C73743F2B6C3F4900DEFE53 /* TeamStandingRowView.swift */; };
		8C7374442B6C464B00DEFE53 /* CurrentStandingConstructorModel.swift in Sources */ = {isa = PBXBuildFile; fileRef = 8C7374432B6C464B00DEFE53 /* CurrentStandingConstructorModel.swift */; };
		8C7374482B6C4BEB00DEFE53 /* TeamsListView.swift in Sources */ = {isa = PBXBuildFile; fileRef = 8C7374472B6C4BEB00DEFE53 /* TeamsListView.swift */; };
		8CBE7BF92B749A0A00CE589C /* ScheduleDetailsView.swift in Sources */ = {isa = PBXBuildFile; fileRef = 8CBE7BF82B749A0A00CE589C /* ScheduleDetailsView.swift */; };
		8CCC62562B6B11DD00031F73 /* RowCellPilotLeader.swift in Sources */ = {isa = PBXBuildFile; fileRef = 8CCC62552B6B11DD00031F73 /* RowCellPilotLeader.swift */; };
		8CCC62582B6B1B0B00031F73 /* PilotsListView.swift in Sources */ = {isa = PBXBuildFile; fileRef = 8CCC62572B6B1B0B00031F73 /* PilotsListView.swift */; };
		8CEE7B0B2B6B75E4001AAECD /* CurrentStandingModel.swift in Sources */ = {isa = PBXBuildFile; fileRef = 8CEE7B0A2B6B75E4001AAECD /* CurrentStandingModel.swift */; };
/* End PBXBuildFile section */

/* Begin PBXFileReference section */
		8C0B4EF62B719C1B00088323 /* driverdetail.json */ = {isa = PBXFileReference; fileEncoding = 4; lastKnownFileType = text.json; path = driverdetail.json; sourceTree = "<group>"; };
		8C17AD032B704EFD00C3EE36 /* DriverDetailsView.swift */ = {isa = PBXFileReference; lastKnownFileType = sourcecode.swift; path = DriverDetailsView.swift; sourceTree = "<group>"; };
		8C2634E52B6F118000171D54 /* F-de-Formula-Info.plist */ = {isa = PBXFileReference; lastKnownFileType = text.plist; path = "F-de-Formula-Info.plist"; sourceTree = SOURCE_ROOT; };
		8C2F282D2B6B1E5E00D51AB9 /* PilotDrivers.swift */ = {isa = PBXFileReference; lastKnownFileType = sourcecode.swift; path = PilotDrivers.swift; sourceTree = "<group>"; };
		8C2F282F2B6B4C5D00D51AB9 /* HTTPViewController.swift */ = {isa = PBXFileReference; lastKnownFileType = sourcecode.swift; path = HTTPViewController.swift; sourceTree = "<group>"; };
		8C6150292B6A0DC900245BDB /* F de Formula.app */ = {isa = PBXFileReference; explicitFileType = wrapper.application; includeInIndex = 0; path = "F de Formula.app"; sourceTree = BUILT_PRODUCTS_DIR; };
		8C61502C2B6A0DC900245BDB /* F_de_FormulaApp.swift */ = {isa = PBXFileReference; lastKnownFileType = sourcecode.swift; path = F_de_FormulaApp.swift; sourceTree = "<group>"; };
		8C61502E2B6A0DC900245BDB /* ContentView.swift */ = {isa = PBXFileReference; lastKnownFileType = sourcecode.swift; path = ContentView.swift; sourceTree = "<group>"; };
		8C6150302B6A0DD700245BDB /* Assets.xcassets */ = {isa = PBXFileReference; lastKnownFileType = folder.assetcatalog; path = Assets.xcassets; sourceTree = "<group>"; };
		8C6150332B6A0DD700245BDB /* Preview Assets.xcassets */ = {isa = PBXFileReference; lastKnownFileType = folder.assetcatalog; path = "Preview Assets.xcassets"; sourceTree = "<group>"; };
		8C61503D2B6A336100245BDB /* WelcomeView.swift */ = {isa = PBXFileReference; lastKnownFileType = sourcecode.swift; path = WelcomeView.swift; sourceTree = "<group>"; };
		8C6481A72B6CA8F6007AC6D0 /* ScheduleListView.swift */ = {isa = PBXFileReference; lastKnownFileType = sourcecode.swift; path = ScheduleListView.swift; sourceTree = "<group>"; };
		8C6481A92B6CA9EC007AC6D0 /* CurrentSchedulesModel.swift */ = {isa = PBXFileReference; lastKnownFileType = sourcecode.swift; path = CurrentSchedulesModel.swift; sourceTree = "<group>"; };
		8C6481AB2B6CB97B007AC6D0 /* ScheduleRowView.swift */ = {isa = PBXFileReference; lastKnownFileType = sourcecode.swift; path = ScheduleRowView.swift; sourceTree = "<group>"; };
		8C73743F2B6C3F4900DEFE53 /* TeamStandingRowView.swift */ = {isa = PBXFileReference; lastKnownFileType = sourcecode.swift; path = TeamStandingRowView.swift; sourceTree = "<group>"; };
		8C7374432B6C464B00DEFE53 /* CurrentStandingConstructorModel.swift */ = {isa = PBXFileReference; lastKnownFileType = sourcecode.swift; path = CurrentStandingConstructorModel.swift; sourceTree = "<group>"; };
		8C7374472B6C4BEB00DEFE53 /* TeamsListView.swift */ = {isa = PBXFileReference; lastKnownFileType = sourcecode.swift; path = TeamsListView.swift; sourceTree = "<group>"; };
		8CBE7BF82B749A0A00CE589C /* ScheduleDetailsView.swift */ = {isa = PBXFileReference; lastKnownFileType = sourcecode.swift; path = ScheduleDetailsView.swift; sourceTree = "<group>"; };
		8CCC62552B6B11DD00031F73 /* RowCellPilotLeader.swift */ = {isa = PBXFileReference; lastKnownFileType = sourcecode.swift; path = RowCellPilotLeader.swift; sourceTree = "<group>"; };
		8CCC62572B6B1B0B00031F73 /* PilotsListView.swift */ = {isa = PBXFileReference; lastKnownFileType = sourcecode.swift; path = PilotsListView.swift; sourceTree = "<group>"; };
		8CEE7B0A2B6B75E4001AAECD /* CurrentStandingModel.swift */ = {isa = PBXFileReference; lastKnownFileType = sourcecode.swift; path = CurrentStandingModel.swift; sourceTree = "<group>"; };
/* End PBXFileReference section */

/* Begin PBXFrameworksBuildPhase section */
		8C6150262B6A0DC900245BDB /* Frameworks */ = {
			isa = PBXFrameworksBuildPhase;
			buildActionMask = 2147483647;
			files = (
			);
			runOnlyForDeploymentPostprocessing = 0;
		};
/* End PBXFrameworksBuildPhase section */

/* Begin PBXGroup section */
		8C6150202B6A0DC900245BDB = {
			isa = PBXGroup;
			children = (
				8C61502B2B6A0DC900245BDB /* F de Formula */,
				8C61502A2B6A0DC900245BDB /* Products */,
			);
			sourceTree = "<group>";
		};
		8C61502A2B6A0DC900245BDB /* Products */ = {
			isa = PBXGroup;
			children = (
				8C6150292B6A0DC900245BDB /* F de Formula.app */,
			);
			name = Products;
			sourceTree = "<group>";
		};
		8C61502B2B6A0DC900245BDB /* F de Formula */ = {
			isa = PBXGroup;
			children = (
				8C2634E52B6F118000171D54 /* F-de-Formula-Info.plist */,
				8C61503C2B6A334B00245BDB /* VideModel */,
				8C61503B2B6A334800245BDB /* Model */,
				8C61503A2B6A334400245BDB /* View */,
				8C61502C2B6A0DC900245BDB /* F_de_FormulaApp.swift */,
				8C61502E2B6A0DC900245BDB /* ContentView.swift */,
				8C6150302B6A0DD700245BDB /* Assets.xcassets */,
				8C0B4EF62B719C1B00088323 /* driverdetail.json */,
				8C6150322B6A0DD700245BDB /* Preview Content */,
			);
			path = "F de Formula";
			sourceTree = "<group>";
		};
		8C6150322B6A0DD700245BDB /* Preview Content */ = {
			isa = PBXGroup;
			children = (
				8C6150332B6A0DD700245BDB /* Preview Assets.xcassets */,
			);
			path = "Preview Content";
			sourceTree = "<group>";
		};
		8C61503A2B6A334400245BDB /* View */ = {
			isa = PBXGroup;
			children = (
				8C6481A62B6CA8DE007AC6D0 /* Schedule */,
				8C73743E2B6C3F2C00DEFE53 /* Teams */,
				8CCC62542B6B119D00031F73 /* Drivers */,
				8C61503D2B6A336100245BDB /* WelcomeView.swift */,
			);
			path = View;
			sourceTree = "<group>";
		};
		8C61503B2B6A334800245BDB /* Model */ = {
			isa = PBXGroup;
			children = (
				8C2F282D2B6B1E5E00D51AB9 /* PilotDrivers.swift */,
				8CEE7B0A2B6B75E4001AAECD /* CurrentStandingModel.swift */,
				8C7374432B6C464B00DEFE53 /* CurrentStandingConstructorModel.swift */,
				8C6481A92B6CA9EC007AC6D0 /* CurrentSchedulesModel.swift */,
			);
			path = Model;
			sourceTree = "<group>";
		};
		8C61503C2B6A334B00245BDB /* VideModel */ = {
			isa = PBXGroup;
			children = (
				8C2F282F2B6B4C5D00D51AB9 /* HTTPViewController.swift */,
			);
			path = VideModel;
			sourceTree = "<group>";
		};
		8C6481A62B6CA8DE007AC6D0 /* Schedule */ = {
			isa = PBXGroup;
			children = (
				8C6481A72B6CA8F6007AC6D0 /* ScheduleListView.swift */,
				8C6481AB2B6CB97B007AC6D0 /* ScheduleRowView.swift */,
				8CBE7BF82B749A0A00CE589C /* ScheduleDetailsView.swift */,
			);
			path = Schedule;
			sourceTree = "<group>";
		};
		8C73743E2B6C3F2C00DEFE53 /* Teams */ = {
			isa = PBXGroup;
			children = (
				8C73743F2B6C3F4900DEFE53 /* TeamStandingRowView.swift */,
				8C7374472B6C4BEB00DEFE53 /* TeamsListView.swift */,
			);
			path = Teams;
			sourceTree = "<group>";
		};
		8CCC62542B6B119D00031F73 /* Drivers */ = {
			isa = PBXGroup;
			children = (
				8CCC62572B6B1B0B00031F73 /* PilotsListView.swift */,
				8CCC62552B6B11DD00031F73 /* RowCellPilotLeader.swift */,
				8C17AD032B704EFD00C3EE36 /* DriverDetailsView.swift */,
			);
			path = Drivers;
			sourceTree = "<group>";
		};
/* End PBXGroup section */

/* Begin PBXNativeTarget section */
		8C6150282B6A0DC900245BDB /* F de Formula */ = {
			isa = PBXNativeTarget;
			buildConfigurationList = 8C6150372B6A0DD700245BDB /* Build configuration list for PBXNativeTarget "F de Formula" */;
			buildPhases = (
				8C6150252B6A0DC900245BDB /* Sources */,
				8C6150262B6A0DC900245BDB /* Frameworks */,
				8C6150272B6A0DC900245BDB /* Resources */,
			);
			buildRules = (
			);
			dependencies = (
			);
			name = "F de Formula";
			productName = "F de Formula";
			productReference = 8C6150292B6A0DC900245BDB /* F de Formula.app */;
			productType = "com.apple.product-type.application";
		};
/* End PBXNativeTarget section */

/* Begin PBXProject section */
		8C6150212B6A0DC900245BDB /* Project object */ = {
			isa = PBXProject;
			attributes = {
				BuildIndependentTargetsInParallel = 1;
				LastSwiftUpdateCheck = 1500;
				LastUpgradeCheck = 1500;
				TargetAttributes = {
					8C6150282B6A0DC900245BDB = {
						CreatedOnToolsVersion = 15.0.1;
					};
				};
			};
			buildConfigurationList = 8C6150242B6A0DC900245BDB /* Build configuration list for PBXProject "F de Formula" */;
			compatibilityVersion = "Xcode 14.0";
			developmentRegion = en;
			hasScannedForEncodings = 0;
			knownRegions = (
				en,
				Base,
			);
			mainGroup = 8C6150202B6A0DC900245BDB;
			productRefGroup = 8C61502A2B6A0DC900245BDB /* Products */;
			projectDirPath = "";
			projectRoot = "";
			targets = (
				8C6150282B6A0DC900245BDB /* F de Formula */,
			);
		};
/* End PBXProject section */

/* Begin PBXResourcesBuildPhase section */
		8C6150272B6A0DC900245BDB /* Resources */ = {
			isa = PBXResourcesBuildPhase;
			buildActionMask = 2147483647;
			files = (
				8C6150342B6A0DD700245BDB /* Preview Assets.xcassets in Resources */,
				8C6150312B6A0DD700245BDB /* Assets.xcassets in Resources */,
				8C0B4EF72B719C1B00088323 /* driverdetail.json in Resources */,
			);
			runOnlyForDeploymentPostprocessing = 0;
		};
/* End PBXResourcesBuildPhase section */

/* Begin PBXSourcesBuildPhase section */
		8C6150252B6A0DC900245BDB /* Sources */ = {
			isa = PBXSourcesBuildPhase;
			buildActionMask = 2147483647;
			files = (
				8C6481AC2B6CB97B007AC6D0 /* ScheduleRowView.swift in Sources */,
				8C2F28302B6B4C5D00D51AB9 /* HTTPViewController.swift in Sources */,
				8CBE7BF92B749A0A00CE589C /* ScheduleDetailsView.swift in Sources */,
				8C7374402B6C3F4900DEFE53 /* TeamStandingRowView.swift in Sources */,
				8C17AD042B704EFD00C3EE36 /* DriverDetailsView.swift in Sources */,
				8C6481AA2B6CA9EC007AC6D0 /* CurrentSchedulesModel.swift in Sources */,
				8C7374482B6C4BEB00DEFE53 /* TeamsListView.swift in Sources */,
				8CEE7B0B2B6B75E4001AAECD /* CurrentStandingModel.swift in Sources */,
				8C2F282E2B6B1E5E00D51AB9 /* PilotDrivers.swift in Sources */,
				8C7374442B6C464B00DEFE53 /* CurrentStandingConstructorModel.swift in Sources */,
				8C61502F2B6A0DC900245BDB /* ContentView.swift in Sources */,
				8C6481A82B6CA8F6007AC6D0 /* ScheduleListView.swift in Sources */,
				8CCC62582B6B1B0B00031F73 /* PilotsListView.swift in Sources */,
				8CCC62562B6B11DD00031F73 /* RowCellPilotLeader.swift in Sources */,
				8C61503E2B6A336100245BDB /* WelcomeView.swift in Sources */,
				8C61502D2B6A0DC900245BDB /* F_de_FormulaApp.swift in Sources */,
			);
			runOnlyForDeploymentPostprocessing = 0;
		};
/* End PBXSourcesBuildPhase section */

/* Begin XCBuildConfiguration section */
		8C6150352B6A0DD700245BDB /* Debug */ = {
			isa = XCBuildConfiguration;
			buildSettings = {
				ALWAYS_SEARCH_USER_PATHS = NO;
				ASSETCATALOG_COMPILER_GENERATE_SWIFT_ASSET_SYMBOL_EXTENSIONS = YES;
				CLANG_ANALYZER_NONNULL = YES;
				CLANG_ANALYZER_NUMBER_OBJECT_CONVERSION = YES_AGGRESSIVE;
				CLANG_CXX_LANGUAGE_STANDARD = "gnu++20";
				CLANG_ENABLE_MODULES = YES;
				CLANG_ENABLE_OBJC_ARC = YES;
				CLANG_ENABLE_OBJC_WEAK = YES;
				CLANG_WARN_BLOCK_CAPTURE_AUTORELEASING = YES;
				CLANG_WARN_BOOL_CONVERSION = YES;
				CLANG_WARN_COMMA = YES;
				CLANG_WARN_CONSTANT_CONVERSION = YES;
				CLANG_WARN_DEPRECATED_OBJC_IMPLEMENTATIONS = YES;
				CLANG_WARN_DIRECT_OBJC_ISA_USAGE = YES_ERROR;
				CLANG_WARN_DOCUMENTATION_COMMENTS = YES;
				CLANG_WARN_EMPTY_BODY = YES;
				CLANG_WARN_ENUM_CONVERSION = YES;
				CLANG_WARN_INFINITE_RECURSION = YES;
				CLANG_WARN_INT_CONVERSION = YES;
				CLANG_WARN_NON_LITERAL_NULL_CONVERSION = YES;
				CLANG_WARN_OBJC_IMPLICIT_RETAIN_SELF = YES;
				CLANG_WARN_OBJC_LITERAL_CONVERSION = YES;
				CLANG_WARN_OBJC_ROOT_CLASS = YES_ERROR;
				CLANG_WARN_QUOTED_INCLUDE_IN_FRAMEWORK_HEADER = YES;
				CLANG_WARN_RANGE_LOOP_ANALYSIS = YES;
				CLANG_WARN_STRICT_PROTOTYPES = YES;
				CLANG_WARN_SUSPICIOUS_MOVE = YES;
				CLANG_WARN_UNGUARDED_AVAILABILITY = YES_AGGRESSIVE;
				CLANG_WARN_UNREACHABLE_CODE = YES;
				CLANG_WARN__DUPLICATE_METHOD_MATCH = YES;
				COPY_PHASE_STRIP = NO;
				DEBUG_INFORMATION_FORMAT = dwarf;
				ENABLE_STRICT_OBJC_MSGSEND = YES;
				ENABLE_TESTABILITY = YES;
				ENABLE_USER_SCRIPT_SANDBOXING = YES;
				GCC_C_LANGUAGE_STANDARD = gnu17;
				GCC_DYNAMIC_NO_PIC = NO;
				GCC_NO_COMMON_BLOCKS = YES;
				GCC_OPTIMIZATION_LEVEL = 0;
				GCC_PREPROCESSOR_DEFINITIONS = (
					"DEBUG=1",
					"$(inherited)",
				);
				GCC_WARN_64_TO_32_BIT_CONVERSION = YES;
				GCC_WARN_ABOUT_RETURN_TYPE = YES_ERROR;
				GCC_WARN_UNDECLARED_SELECTOR = YES;
				GCC_WARN_UNINITIALIZED_AUTOS = YES_AGGRESSIVE;
				GCC_WARN_UNUSED_FUNCTION = YES;
				GCC_WARN_UNUSED_VARIABLE = YES;
				IPHONEOS_DEPLOYMENT_TARGET = 17.0;
				LOCALIZATION_PREFERS_STRING_CATALOGS = YES;
				MTL_ENABLE_DEBUG_INFO = INCLUDE_SOURCE;
				MTL_FAST_MATH = YES;
				ONLY_ACTIVE_ARCH = YES;
				SDKROOT = iphoneos;
				SWIFT_ACTIVE_COMPILATION_CONDITIONS = "DEBUG $(inherited)";
				SWIFT_OPTIMIZATION_LEVEL = "-Onone";
			};
			name = Debug;
		};
		8C6150362B6A0DD700245BDB /* Release */ = {
			isa = XCBuildConfiguration;
			buildSettings = {
				ALWAYS_SEARCH_USER_PATHS = NO;
				ASSETCATALOG_COMPILER_GENERATE_SWIFT_ASSET_SYMBOL_EXTENSIONS = YES;
				CLANG_ANALYZER_NONNULL = YES;
				CLANG_ANALYZER_NUMBER_OBJECT_CONVERSION = YES_AGGRESSIVE;
				CLANG_CXX_LANGUAGE_STANDARD = "gnu++20";
				CLANG_ENABLE_MODULES = YES;
				CLANG_ENABLE_OBJC_ARC = YES;
				CLANG_ENABLE_OBJC_WEAK = YES;
				CLANG_WARN_BLOCK_CAPTURE_AUTORELEASING = YES;
				CLANG_WARN_BOOL_CONVERSION = YES;
				CLANG_WARN_COMMA = YES;
				CLANG_WARN_CONSTANT_CONVERSION = YES;
				CLANG_WARN_DEPRECATED_OBJC_IMPLEMENTATIONS = YES;
				CLANG_WARN_DIRECT_OBJC_ISA_USAGE = YES_ERROR;
				CLANG_WARN_DOCUMENTATION_COMMENTS = YES;
				CLANG_WARN_EMPTY_BODY = YES;
				CLANG_WARN_ENUM_CONVERSION = YES;
				CLANG_WARN_INFINITE_RECURSION = YES;
				CLANG_WARN_INT_CONVERSION = YES;
				CLANG_WARN_NON_LITERAL_NULL_CONVERSION = YES;
				CLANG_WARN_OBJC_IMPLICIT_RETAIN_SELF = YES;
				CLANG_WARN_OBJC_LITERAL_CONVERSION = YES;
				CLANG_WARN_OBJC_ROOT_CLASS = YES_ERROR;
				CLANG_WARN_QUOTED_INCLUDE_IN_FRAMEWORK_HEADER = YES;
				CLANG_WARN_RANGE_LOOP_ANALYSIS = YES;
				CLANG_WARN_STRICT_PROTOTYPES = YES;
				CLANG_WARN_SUSPICIOUS_MOVE = YES;
				CLANG_WARN_UNGUARDED_AVAILABILITY = YES_AGGRESSIVE;
				CLANG_WARN_UNREACHABLE_CODE = YES;
				CLANG_WARN__DUPLICATE_METHOD_MATCH = YES;
				COPY_PHASE_STRIP = NO;
				DEBUG_INFORMATION_FORMAT = "dwarf-with-dsym";
				ENABLE_NS_ASSERTIONS = NO;
				ENABLE_STRICT_OBJC_MSGSEND = YES;
				ENABLE_USER_SCRIPT_SANDBOXING = YES;
				GCC_C_LANGUAGE_STANDARD = gnu17;
				GCC_NO_COMMON_BLOCKS = YES;
				GCC_WARN_64_TO_32_BIT_CONVERSION = YES;
				GCC_WARN_ABOUT_RETURN_TYPE = YES_ERROR;
				GCC_WARN_UNDECLARED_SELECTOR = YES;
				GCC_WARN_UNINITIALIZED_AUTOS = YES_AGGRESSIVE;
				GCC_WARN_UNUSED_FUNCTION = YES;
				GCC_WARN_UNUSED_VARIABLE = YES;
				IPHONEOS_DEPLOYMENT_TARGET = 17.0;
				LOCALIZATION_PREFERS_STRING_CATALOGS = YES;
				MTL_ENABLE_DEBUG_INFO = NO;
				MTL_FAST_MATH = YES;
				SDKROOT = iphoneos;
				SWIFT_COMPILATION_MODE = wholemodule;
				VALIDATE_PRODUCT = YES;
			};
			name = Release;
		};
		8C6150382B6A0DD700245BDB /* Debug */ = {
			isa = XCBuildConfiguration;
			buildSettings = {
				ASSETCATALOG_COMPILER_APPICON_NAME = AppIcon;
				ASSETCATALOG_COMPILER_GLOBAL_ACCENT_COLOR_NAME = AccentColor;
				CODE_SIGN_STYLE = Automatic;
				CURRENT_PROJECT_VERSION = 1;
				DEVELOPMENT_ASSET_PATHS = "\"F de Formula/Preview Content\"";
				DEVELOPMENT_TEAM = NPK4YLCZJF;
				ENABLE_PREVIEWS = YES;
				GENERATE_INFOPLIST_FILE = YES;
				INFOPLIST_FILE = "F-de-Formula-Info.plist";
				INFOPLIST_KEY_LSApplicationCategoryType = "";
				INFOPLIST_KEY_UIApplicationSceneManifest_Generation = YES;
				INFOPLIST_KEY_UIApplicationSupportsIndirectInputEvents = YES;
				INFOPLIST_KEY_UILaunchScreen_Generation = YES;
				INFOPLIST_KEY_UISupportedInterfaceOrientations = UIInterfaceOrientationPortrait;
				INFOPLIST_KEY_UIUserInterfaceStyle = Dark;
				LD_RUNPATH_SEARCH_PATHS = (
					"$(inherited)",
					"@executable_path/Frameworks",
				);
				MARKETING_VERSION = 1.0;
				PRODUCT_BUNDLE_IDENTIFIER = "alfonsopatron.F-de-Formula";
				PRODUCT_NAME = "$(TARGET_NAME)";
				SWIFT_EMIT_LOC_STRINGS = YES;
				SWIFT_VERSION = 5.0;
				TARGETED_DEVICE_FAMILY = "1,2";
			};
			name = Debug;
		};
		8C6150392B6A0DD700245BDB /* Release */ = {
			isa = XCBuildConfiguration;
			buildSettings = {
				ASSETCATALOG_COMPILER_APPICON_NAME = AppIcon;
				ASSETCATALOG_COMPILER_GLOBAL_ACCENT_COLOR_NAME = AccentColor;
				CODE_SIGN_STYLE = Automatic;
				CURRENT_PROJECT_VERSION = 1;
				DEVELOPMENT_ASSET_PATHS = "\"F de Formula/Preview Content\"";
				DEVELOPMENT_TEAM = NPK4YLCZJF;
				ENABLE_PREVIEWS = YES;
				GENERATE_INFOPLIST_FILE = YES;
				INFOPLIST_FILE = "F-de-Formula-Info.plist";
				INFOPLIST_KEY_LSApplicationCategoryType = "";
				INFOPLIST_KEY_UIApplicationSceneManifest_Generation = YES;
				INFOPLIST_KEY_UIApplicationSupportsIndirectInputEvents = YES;
				INFOPLIST_KEY_UILaunchScreen_Generation = YES;
				INFOPLIST_KEY_UISupportedInterfaceOrientations = UIInterfaceOrientationPortrait;
				INFOPLIST_KEY_UIUserInterfaceStyle = Dark;
				LD_RUNPATH_SEARCH_PATHS = (
					"$(inherited)",
					"@executable_path/Frameworks",
				);
				MARKETING_VERSION = 1.0;
				PRODUCT_BUNDLE_IDENTIFIER = "alfonsopatron.F-de-Formula";
				PRODUCT_NAME = "$(TARGET_NAME)";
				SWIFT_EMIT_LOC_STRINGS = YES;
				SWIFT_VERSION = 5.0;
				TARGETED_DEVICE_FAMILY = "1,2";
			};
			name = Release;
		};
/* End XCBuildConfiguration section */

/* Begin XCConfigurationList section */
		8C6150242B6A0DC900245BDB /* Build configuration list for PBXProject "F de Formula" */ = {
			isa = XCConfigurationList;
			buildConfigurations = (
				8C6150352B6A0DD700245BDB /* Debug */,
				8C6150362B6A0DD700245BDB /* Release */,
			);
			defaultConfigurationIsVisible = 0;
			defaultConfigurationName = Release;
		};
		8C6150372B6A0DD700245BDB /* Build configuration list for PBXNativeTarget "F de Formula" */ = {
			isa = XCConfigurationList;
			buildConfigurations = (
				8C6150382B6A0DD700245BDB /* Debug */,
				8C6150392B6A0DD700245BDB /* Release */,
			);
			defaultConfigurationIsVisible = 0;
			defaultConfigurationName = Release;
		};
/* End XCConfigurationList section */
	};
	rootObject = 8C6150212B6A0DC900245BDB /* Project object */;
}
